
Microsoft Visual Studio Solution File, Format Version 12.00
# Visual Studio Version 17
VisualStudioVersion = 17.14.36221.1 d17.14
MinimumVisualStudioVersion = 10.0.40219.1
Project("{FAE04EC0-301F-11D3-BF4B-00C04F79EFBC}") = "SistemaUsuarios.Api", "SistemaUsuarios.Api\SistemaUsuarios.Api.csproj", "{6B302A74-EEDF-4AD1-B8FF-2304CCB48F9F}"
EndProject
Global
	GlobalSection(SolutionConfigurationPlatforms) = preSolution
		Debug|Any CPU = Debug|Any CPU
		Release|Any CPU = Release|Any CPU
	EndGlobalSection
	GlobalSection(ProjectConfigurationPlatforms) = postSolution
		{6B302A74-EEDF-4AD1-B8FF-2304CCB48F9F}.Debug|Any CPU.ActiveCfg = Debug|Any CPU
		{6B302A74-EEDF-4AD1-B8FF-2304CCB48F9F}.Debug|Any CPU.Build.0 = Debug|Any CPU
		{6B302A74-EEDF-4AD1-B8FF-2304CCB48F9F}.Release|Any CPU.ActiveCfg = Release|Any CPU
		{6B302A74-EEDF-4AD1-B8FF-2304CCB48F9F}.Release|Any CPU.Build.0 = Release|Any CPU
	EndGlobalSection
	GlobalSection(SolutionProperties) = preSolution
		HideSolutionNode = FALSE
	EndGlobalSection
	GlobalSection(ExtensibilityGlobals) = postSolution
		SolutionGuid = {CDFE50F3-AD97-4390-9C4C-310A48526D5C}
	EndGlobalSection
EndGlobal
